{
  "version": 4,
  "terraform_version": "1.3.2",
  "serial": 52,
  "lineage": "a9ca3bbe-adb9-c636-dee6-7caad288f4b0",
  "outputs": {},
  "resources": [
    {
      "mode": "managed",
      "type": "outscale_keypair",
      "name": "keypair01",
      "provider": "provider[\"registry.terraform.io/outscale-dev/outscale\"]",
      "instances": [
        {
          "schema_version": 0,
          "attributes": {
            "id": "hackathon",
            "keypair_fingerprint": "7a:ee:a6:6a:5e:8b:d7:5e:a8:9d:d2:0f:08:3d:0e:2a",
            "keypair_name": "hackathon",
            "private_key": "-----BEGIN RSA PRIVATE KEY-----\nMIIEpAIBAAKCAQEA1y2o/0JVK88LKEDxtLJ1SU7lf/lF2xwVbjDzNLE8qMVTdcHXvFEHaITm9J7B\nUAj0h3i8zGkyJ6/kbJaG6kDNhnHWPO7pZIDIb8tVqrlMsfM3bfqhUuxw9E973LbbvXbEphpDENKF\nYEqA+hPeLvrEfdBDy419CYyf0eHl+8sOtCUDQtnHQhlkd+Mvh1elBN0tUHIzEebuDHxwC5m8uPOY\nkvJuTc9QaW8b7xKoTKiBbmegSIeRL5QUeV/fT0pdZ9n1A2Jl3d0h4vaxbAppUaNvRn/vSq0nxP8y\nmL8UKNrVDuEON2zBgEnUDMJ+QrcrTE3Gc0iSNXpdxHxu6sTOKVABvwIDAQABAoIBAGdPM8lCJrQ+\n1oOAEswHtkn5CDTWEFTvedaKx+mvgokhHD34UETIvn7O+DfQFM4BTq3QKQ0XII5vY4NDDglgDY0U\nEKD2r7WiIxmRjVLHXmw9copp/5RZkq2pj7VbUcr4P9fj2fk0qfaeLqhia5UwrrAdEr+i8bpo+r6A\n77NhPXD9Rs0MoL7Tr6wBdc6Sge5ZrglszGHMfn028jM87eBF7c0Yv+TmvDMCeRKu05owmXx3fLwR\n5+ACvy3JETGqPmSHKJEDcqWwm3HbCP5MY5vOJJfGQiz9nWT3SsCh1Q2PPOS9nldBq6xmje1nNsm+\nxOdYBJ8LoHflb4Bog0h0qPGi0NkCgYEA8RFOlPcQTjHFLkfcLOBRM9ePLi4HDc5OtZPMfTj6UmkN\ny7IIfLIRY/K64ExTSNgs3mePQysmJjo/KcbxuoDHfNEprnpLzkCVFbXq8uJ2+NXvTBfUwxAyZ975\njYykXAu7JWy/6KDeT1jxc8IH7rwfPFYRkTLCJKqZtvlKZII5ch0CgYEA5IHRgnhNAreng2p8nMW1\nU6arZx6gMWTajv7mPbEqbFZxBblxkZz3pLn6aPCatJAix2HhSdPzLlA+dF+UyRY7cRePRz2o7Z7+\nJ5uOQGrplM/pikzj8YL+aFyb/nVzTVSFOvdwgs8tuxFSnzaX5a19Bywkd0WIjxmkNC49DCztfIsC\ngYEAtaIHpl+87l27ptJIB5wAMuJwpCfT8sgGL/OreJJMsXksBtUeZe25Aqipu0Rm4BTZQb2fiMlj\nFhx+6NhX2+EZ7WafVDIbGc05R0FpRBXz9CslAR1Xlp2GjRLIzqkwUZYZLOqSchF7TyfBzSld1rfx\nhQGIfPFUrFHKPb35Gl+wLtUCgYAfE6y7ssK+eN22WLgj1huoCcXL23Vr4kx7IB2ODFc5rrPmVGcm\np5NiesyckwRnRCcGuMAb+1BaXx1vVER26Kgi5FJfHPqpfnMQTe6VwjSMQY6AeZ6SjP8ukFHC1JRe\n0vzfnSFXGPgeNefnsVQNL4AOhqla80D0PUeAtT0mN8IAqwKBgQCpxB9qYbImS+9bhKRu1uxGPmr3\neA/5HmEFNfnPel91cJ64BmC8iFJmLnEBpTSVAzOogYCTLoCy4wznszDYFxE0ZizgAEkpWCrQiIzR\nFKjys5czU+o4WrBvZp1QkSxC6VRDA+lqprEQJ7ENimN20mwRMbp74mRDVp85hspSABU9ew==\n-----END RSA PRIVATE KEY-----",
            "public_key": null,
            "request_id": null,
            "timeouts": null
          },
          "sensitive_attributes": [],
          "private": "eyJlMmJmYjczMC1lY2FhLTExZTYtOGY4OC0zNDM2M2JjN2M0YzAiOnsiY3JlYXRlIjo2MDAwMDAwMDAwMDAsImRlbGV0ZSI6NjAwMDAwMDAwMDAwLCJyZWFkIjo2MDAwMDAwMDAwMDB9fQ=="
        }
      ]
    },
    {
      "mode": "managed",
      "type": "outscale_security_group",
      "name": "hackathon_common",
      "provider": "provider[\"registry.terraform.io/outscale-dev/outscale\"]",
      "instances": [
        {
          "schema_version": 0,
          "attributes": {
            "account_id": "124050989071",
            "description": "Managed by Terraform",
            "id": "sg-d78326e6",
            "inbound_rules": [],
            "net_id": "",
            "outbound_rules": [],
            "request_id": null,
            "security_group_id": "sg-d78326e6",
            "security_group_name": "hackathon-common",
            "tag": null,
            "tags": []
          },
          "sensitive_attributes": [],
          "private": "bnVsbA=="
        }
      ]
    },
    {
      "mode": "managed",
      "type": "outscale_security_group",
      "name": "hackathon_mongodb",
      "provider": "provider[\"registry.terraform.io/outscale-dev/outscale\"]",
      "instances": [
        {
          "schema_version": 0,
          "attributes": {
            "account_id": "124050989071",
            "description": "Managed by Terraform",
            "id": "sg-a31b1b40",
            "inbound_rules": [],
            "net_id": "",
            "outbound_rules": [],
            "request_id": null,
            "security_group_id": "sg-a31b1b40",
            "security_group_name": "hackathon-mongodb",
            "tag": null,
            "tags": []
          },
          "sensitive_attributes": [],
          "private": "bnVsbA=="
        }
      ]
    },
    {
      "mode": "managed",
      "type": "outscale_security_group",
      "name": "hackathon_postgre",
      "provider": "provider[\"registry.terraform.io/outscale-dev/outscale\"]",
      "instances": [
        {
          "schema_version": 0,
          "attributes": {
            "account_id": "124050989071",
            "description": "Managed by Terraform",
            "id": "sg-d3b1599e",
            "inbound_rules": [],
            "net_id": "",
            "outbound_rules": [],
            "request_id": null,
            "security_group_id": "sg-d3b1599e",
            "security_group_name": "hackathon-postgres",
            "tag": null,
            "tags": []
          },
          "sensitive_attributes": [],
          "private": "bnVsbA=="
        }
      ]
    },
    {
      "mode": "managed",
      "type": "outscale_security_group",
      "name": "hackathon_web",
      "provider": "provider[\"registry.terraform.io/outscale-dev/outscale\"]",
      "instances": [
        {
          "schema_version": 0,
          "attributes": {
            "account_id": "124050989071",
            "description": "Managed by Terraform",
            "id": "sg-c68a792d",
            "inbound_rules": [],
            "net_id": "",
            "outbound_rules": [],
            "request_id": null,
            "security_group_id": "sg-c68a792d",
            "security_group_name": "hackathon-web",
            "tag": null,
            "tags": []
          },
          "sensitive_attributes": [],
          "private": "bnVsbA=="
        }
      ]
    },
    {
      "mode": "managed",
      "type": "outscale_security_group_rule",
      "name": "hackathon_adminer",
      "provider": "provider[\"registry.terraform.io/outscale-dev/outscale\"]",
      "instances": [
        {
          "schema_version": 0,
          "attributes": {
            "flow": "Inbound",
            "from_port_range": null,
            "id": "sg-d3b1599e",
            "inbound_rules": [
              {
                "from_port_range": 5432,
                "ip_protocol": "tcp",
                "ip_ranges": [
                  "0.0.0.0/0"
                ],
                "security_groups_members": [],
                "service_ids": [],
                "to_port_range": 5432
              },
              {
                "from_port_range": 8080,
                "ip_protocol": "tcp",
                "ip_ranges": [
                  "0.0.0.0/0"
                ],
                "security_groups_members": [],
                "service_ids": [],
                "to_port_range": 8080
              }
            ],
            "ip_protocol": null,
            "ip_range": null,
            "net_id": "",
            "outbound_rules": [],
            "request_id": null,
            "rules": [
              {
                "from_port_range": 8080,
                "ip_protocol": "tcp",
                "ip_ranges": [
                  "0.0.0.0/0"
                ],
                "security_groups_members": [],
                "service_ids": null,
                "to_port_range": 8080
              }
            ],
            "security_group_account_id_to_link": null,
            "security_group_id": "sg-d3b1599e",
            "security_group_name": "hackathon-postgres",
            "security_group_name_to_link": null,
            "to_port_range": null
          },
          "sensitive_attributes": [],
          "private": "bnVsbA==",
          "dependencies": [
            "outscale_security_group.hackathon_postgre"
          ]
        }
      ]
    },
    {
      "mode": "managed",
      "type": "outscale_security_group_rule",
      "name": "hackathon_mongo_express",
      "provider": "provider[\"registry.terraform.io/outscale-dev/outscale\"]",
      "instances": [
        {
          "schema_version": 0,
          "attributes": {
            "flow": "Inbound",
            "from_port_range": null,
            "id": "sg-a31b1b40",
            "inbound_rules": [
              {
                "from_port_range": 8081,
                "ip_protocol": "tcp",
                "ip_ranges": [
                  "0.0.0.0/0"
                ],
                "security_groups_members": [],
                "service_ids": [],
                "to_port_range": 8081
              },
              {
                "from_port_range": 27017,
                "ip_protocol": "tcp",
                "ip_ranges": [
                  "0.0.0.0/0"
                ],
                "security_groups_members": [],
                "service_ids": [],
                "to_port_range": 27017
              }
            ],
            "ip_protocol": null,
            "ip_range": null,
            "net_id": "",
            "outbound_rules": [],
            "request_id": null,
            "rules": [
              {
                "from_port_range": 8081,
                "ip_protocol": "tcp",
                "ip_ranges": [
                  "0.0.0.0/0"
                ],
                "security_groups_members": [],
                "service_ids": null,
                "to_port_range": 8081
              }
            ],
            "security_group_account_id_to_link": null,
            "security_group_id": "sg-a31b1b40",
            "security_group_name": "hackathon-mongodb",
            "security_group_name_to_link": null,
            "to_port_range": null
          },
          "sensitive_attributes": [],
          "private": "bnVsbA==",
          "dependencies": [
            "outscale_security_group.hackathon_mongodb"
          ]
        }
      ]
    },
    {
      "mode": "managed",
      "type": "outscale_security_group_rule",
      "name": "hackathon_mongodb",
      "provider": "provider[\"registry.terraform.io/outscale-dev/outscale\"]",
      "instances": [
        {
          "schema_version": 0,
          "attributes": {
            "flow": "Inbound",
            "from_port_range": null,
            "id": "sg-a31b1b40",
            "inbound_rules": [
              {
                "from_port_range": 8081,
                "ip_protocol": "tcp",
                "ip_ranges": [
                  "0.0.0.0/0"
                ],
                "security_groups_members": [],
                "service_ids": [],
                "to_port_range": 8081
              },
              {
                "from_port_range": 27017,
                "ip_protocol": "tcp",
                "ip_ranges": [
                  "0.0.0.0/0"
                ],
                "security_groups_members": [],
                "service_ids": [],
                "to_port_range": 27017
              }
            ],
            "ip_protocol": null,
            "ip_range": null,
            "net_id": "",
            "outbound_rules": [],
            "request_id": null,
            "rules": [
              {
                "from_port_range": 27017,
                "ip_protocol": "tcp",
                "ip_ranges": [
                  "0.0.0.0/0"
                ],
                "security_groups_members": [],
                "service_ids": null,
                "to_port_range": 27017
              }
            ],
            "security_group_account_id_to_link": null,
            "security_group_id": "sg-a31b1b40",
            "security_group_name": "hackathon-mongodb",
            "security_group_name_to_link": null,
            "to_port_range": null
          },
          "sensitive_attributes": [],
          "private": "bnVsbA==",
          "dependencies": [
            "outscale_security_group.hackathon_mongodb"
          ]
        }
      ]
    },
    {
      "mode": "managed",
      "type": "outscale_security_group_rule",
      "name": "hackathon_postgre",
      "provider": "provider[\"registry.terraform.io/outscale-dev/outscale\"]",
      "instances": [
        {
          "schema_version": 0,
          "attributes": {
            "flow": "Inbound",
            "from_port_range": null,
            "id": "sg-d3b1599e",
            "inbound_rules": [
              {
                "from_port_range": 5432,
                "ip_protocol": "tcp",
                "ip_ranges": [
                  "0.0.0.0/0"
                ],
                "security_groups_members": [],
                "service_ids": [],
                "to_port_range": 5432
              },
              {
                "from_port_range": 8080,
                "ip_protocol": "tcp",
                "ip_ranges": [
                  "0.0.0.0/0"
                ],
                "security_groups_members": [],
                "service_ids": [],
                "to_port_range": 8080
              }
            ],
            "ip_protocol": null,
            "ip_range": null,
            "net_id": "",
            "outbound_rules": [],
            "request_id": null,
            "rules": [
              {
                "from_port_range": 5432,
                "ip_protocol": "tcp",
                "ip_ranges": [
                  "0.0.0.0/0"
                ],
                "security_groups_members": [],
                "service_ids": null,
                "to_port_range": 5432
              }
            ],
            "security_group_account_id_to_link": null,
            "security_group_id": "sg-d3b1599e",
            "security_group_name": "hackathon-postgres",
            "security_group_name_to_link": null,
            "to_port_range": null
          },
          "sensitive_attributes": [],
          "private": "bnVsbA==",
          "dependencies": [
            "outscale_security_group.hackathon_postgre"
          ]
        }
      ]
    },
    {
      "mode": "managed",
      "type": "outscale_security_group_rule",
      "name": "hackathon_ssh",
      "provider": "provider[\"registry.terraform.io/outscale-dev/outscale\"]",
      "instances": [
        {
          "schema_version": 0,
          "attributes": {
            "flow": "Inbound",
            "from_port_range": null,
            "id": "sg-d78326e6",
            "inbound_rules": [
              {
                "from_port_range": 22,
                "ip_protocol": "tcp",
                "ip_ranges": [
                  "0.0.0.0/0"
                ],
                "security_groups_members": [],
                "service_ids": [],
                "to_port_range": 22
              },
              {
                "from_port_range": 3000,
                "ip_protocol": "tcp",
                "ip_ranges": [
                  "0.0.0.0/0"
                ],
                "security_groups_members": [],
                "service_ids": [],
                "to_port_range": 3000
              }
            ],
            "ip_protocol": null,
            "ip_range": null,
            "net_id": "",
            "outbound_rules": [],
            "request_id": null,
            "rules": [
              {
                "from_port_range": 22,
                "ip_protocol": "tcp",
                "ip_ranges": [
                  "0.0.0.0/0"
                ],
                "security_groups_members": [],
                "service_ids": null,
                "to_port_range": 22
              }
            ],
            "security_group_account_id_to_link": null,
            "security_group_id": "sg-d78326e6",
            "security_group_name": "hackathon-common",
            "security_group_name_to_link": null,
            "to_port_range": null
          },
          "sensitive_attributes": [],
          "private": "bnVsbA==",
          "dependencies": [
            "outscale_security_group.hackathon_common"
          ]
        }
      ]
    },
    {
      "mode": "managed",
      "type": "outscale_security_group_rule",
      "name": "hackathon_vscode",
      "provider": "provider[\"registry.terraform.io/outscale-dev/outscale\"]",
      "instances": [
        {
          "schema_version": 0,
          "attributes": {
            "flow": "Inbound",
            "from_port_range": null,
            "id": "sg-d78326e6",
            "inbound_rules": [
              {
                "from_port_range": 22,
                "ip_protocol": "tcp",
                "ip_ranges": [
                  "0.0.0.0/0"
                ],
                "security_groups_members": [],
                "service_ids": [],
                "to_port_range": 22
              },
              {
                "from_port_range": 3000,
                "ip_protocol": "tcp",
                "ip_ranges": [
                  "0.0.0.0/0"
                ],
                "security_groups_members": [],
                "service_ids": [],
                "to_port_range": 3000
              }
            ],
            "ip_protocol": null,
            "ip_range": null,
            "net_id": "",
            "outbound_rules": [],
            "request_id": null,
            "rules": [
              {
                "from_port_range": 3000,
                "ip_protocol": "tcp",
                "ip_ranges": [
                  "0.0.0.0/0"
                ],
                "security_groups_members": [],
                "service_ids": null,
                "to_port_range": 3000
              }
            ],
            "security_group_account_id_to_link": null,
            "security_group_id": "sg-d78326e6",
            "security_group_name": "hackathon-common",
            "security_group_name_to_link": null,
            "to_port_range": null
          },
          "sensitive_attributes": [],
          "private": "bnVsbA==",
          "dependencies": [
            "outscale_security_group.hackathon_common"
          ]
        }
      ]
    },
    {
      "mode": "managed",
      "type": "outscale_security_group_rule",
      "name": "hackathon_web",
      "provider": "provider[\"registry.terraform.io/outscale-dev/outscale\"]",
      "instances": [
        {
          "schema_version": 0,
          "attributes": {
            "flow": "Inbound",
            "from_port_range": null,
            "id": "sg-c68a792d",
            "inbound_rules": [
              {
                "from_port_range": 8000,
                "ip_protocol": "tcp",
                "ip_ranges": [
                  "0.0.0.0/0"
                ],
                "security_groups_members": [],
                "service_ids": [],
                "to_port_range": 8000
              }
            ],
            "ip_protocol": null,
            "ip_range": null,
            "net_id": "",
            "outbound_rules": [],
            "request_id": null,
            "rules": [
              {
                "from_port_range": 8000,
                "ip_protocol": "tcp",
                "ip_ranges": [
                  "0.0.0.0/0"
                ],
                "security_groups_members": [],
                "service_ids": null,
                "to_port_range": 8000
              }
            ],
            "security_group_account_id_to_link": null,
            "security_group_id": "sg-c68a792d",
            "security_group_name": "hackathon-web",
            "security_group_name_to_link": null,
            "to_port_range": null
          },
          "sensitive_attributes": [],
          "private": "bnVsbA==",
          "dependencies": [
            "outscale_security_group.hackathon_web"
          ]
        }
      ]
    },
    {
      "mode": "managed",
      "type": "outscale_vm",
      "name": "hackathon_app1",
      "provider": "provider[\"registry.terraform.io/outscale-dev/outscale\"]",
      "instances": [
        {
          "status": "tainted",
          "schema_version": 0,
          "attributes": {
            "admin_password": "",
            "architecture": "x86_64",
            "block_device_mappings": [
              {
                "bsu": [
                  {
                    "delete_on_vm_deletion": true,
                    "iops": 150,
                    "snapshot_id": "",
                    "volume_size": 115,
                    "volume_type": "io1"
                  }
                ],
                "device_name": "/dev/sdb",
                "no_device": "",
                "virtual_device_name": ""
              }
            ],
            "block_device_mappings_created": [
              {
                "bsu": {
                  "delete_on_vm_deletion": "true",
                  "link_date": "2022-10-08T07:15:58.247Z",
                  "state": "attached",
                  "volume_id": "vol-0d00bcdf"
                },
                "device_name": "/dev/sda1"
              },
              {
                "bsu": {
                  "delete_on_vm_deletion": "true",
                  "link_date": "2022-10-08T07:15:58.247Z",
                  "state": "attached",
                  "volume_id": "vol-b92b453d"
                },
                "device_name": "/dev/sdb"
              }
            ],
            "bsu_optimized": false,
            "client_token": "",
            "deletion_protection": false,
            "get_admin_password": null,
            "hypervisor": "xen",
            "id": "i-e3cada74",
            "image_id": "ami-bb490c7e",
            "is_source_dest_checked": true,
            "keypair_name": "hackathon",
            "launch_number": 0,
            "net_id": "",
            "nics": [],
            "os_family": "",
            "performance": "highest",
            "placement_subregion_name": "eu-west-2a",
            "placement_tenancy": "default",
            "private_dns_name": "ip-10-9-1-167.eu-west-2.compute.internal",
            "private_ip": "10.9.1.167",
            "private_ips": null,
            "product_codes": [
              "0001"
            ],
            "public_dns_name": "ows-148-253-69-250.eu-west-2.compute.outscale.com",
            "public_ip": "148.253.69.250",
            "request_id": null,
            "reservation_id": "r-75977e83",
            "root_device_name": "/dev/sda1",
            "root_device_type": "ebs",
            "security_group_ids": [
              "sg-d78326e6"
            ],
            "security_group_names": null,
            "security_groups": [
              {
                "security_group_id": "sg-d78326e6",
                "security_group_name": "hackathon-common"
              }
            ],
            "state": "running",
            "state_reason": "",
            "subnet_id": "",
            "tags": [
              {
                "key": "name",
                "value": "hackathon_app1"
              }
            ],
            "timeouts": null,
            "user_data": "",
            "vm_id": "i-e3cada74",
            "vm_initiated_shutdown_behavior": "stop",
            "vm_type": "tinav5.c4r8p1"
          },
          "sensitive_attributes": [],
          "private": "eyJlMmJmYjczMC1lY2FhLTExZTYtOGY4OC0zNDM2M2JjN2M0YzAiOnsiY3JlYXRlIjo2MDAwMDAwMDAwMDAsImRlbGV0ZSI6NjAwMDAwMDAwMDAwLCJ1cGRhdGUiOjYwMDAwMDAwMDAwMH19",
          "dependencies": [
            "outscale_keypair.keypair01",
            "outscale_security_group.hackathon_common"
          ]
        }
      ]
    },
    {
      "mode": "managed",
      "type": "outscale_vm",
      "name": "hackathon_db1",
      "provider": "provider[\"registry.terraform.io/outscale-dev/outscale\"]",
      "instances": [
        {
          "schema_version": 0,
          "attributes": {
            "admin_password": "",
            "architecture": "x86_64",
            "block_device_mappings": [
              {
                "bsu": [
                  {
                    "delete_on_vm_deletion": true,
                    "iops": 150,
                    "snapshot_id": "",
                    "volume_size": 115,
                    "volume_type": "io1"
                  }
                ],
                "device_name": "/dev/sdb",
                "no_device": "",
                "virtual_device_name": ""
              }
            ],
            "block_device_mappings_created": [
              {
                "bsu": {
                  "delete_on_vm_deletion": "true",
                  "link_date": "2022-10-08T07:15:58.274Z",
                  "state": "attached",
                  "volume_id": "vol-4d1f3799"
                },
                "device_name": "/dev/sda1"
              },
              {
                "bsu": {
                  "delete_on_vm_deletion": "true",
                  "link_date": "2022-10-08T07:15:58.274Z",
                  "state": "attached",
                  "volume_id": "vol-0e5456ff"
                },
                "device_name": "/dev/sdb"
              }
            ],
            "bsu_optimized": false,
            "client_token": "",
            "deletion_protection": false,
            "get_admin_password": null,
            "hypervisor": "xen",
            "id": "i-7bc08b2f",
            "image_id": "ami-bb490c7e",
            "is_source_dest_checked": true,
            "keypair_name": "hackathon",
            "launch_number": 0,
            "net_id": "",
            "nics": [],
            "os_family": "",
            "performance": "highest",
            "placement_subregion_name": "eu-west-2a",
            "placement_tenancy": "default",
            "private_dns_name": "ip-10-9-14-103.eu-west-2.compute.internal",
            "private_ip": "10.9.14.103",
            "private_ips": null,
            "product_codes": [
              "0001"
            ],
            "public_dns_name": "ows-148-253-82-171.eu-west-2.compute.outscale.com",
            "public_ip": "148.253.82.171",
            "request_id": null,
            "reservation_id": "r-1a0aff3f",
            "root_device_name": "/dev/sda1",
            "root_device_type": "ebs",
            "security_group_ids": [
              "sg-d78326e6",
              "sg-d3b1599e",
              "sg-a31b1b40"
            ],
            "security_group_names": null,
            "security_groups": [
              {
                "security_group_id": "sg-a31b1b40",
                "security_group_name": "hackathon-mongodb"
              },
              {
                "security_group_id": "sg-d3b1599e",
                "security_group_name": "hackathon-postgres"
              },
              {
                "security_group_id": "sg-d78326e6",
                "security_group_name": "hackathon-common"
              }
            ],
            "state": "running",
            "state_reason": "",
            "subnet_id": "",
            "tags": [
              {
                "key": "name",
                "value": "hackathon_db1"
              }
            ],
            "timeouts": null,
            "user_data": "",
            "vm_id": "i-7bc08b2f",
            "vm_initiated_shutdown_behavior": "stop",
            "vm_type": "tinav5.c4r8p1"
          },
          "sensitive_attributes": [],
          "private": "eyJlMmJmYjczMC1lY2FhLTExZTYtOGY4OC0zNDM2M2JjN2M0YzAiOnsiY3JlYXRlIjo2MDAwMDAwMDAwMDAsImRlbGV0ZSI6NjAwMDAwMDAwMDAwLCJ1cGRhdGUiOjYwMDAwMDAwMDAwMH19",
          "dependencies": [
            "outscale_keypair.keypair01",
            "outscale_security_group.hackathon_common",
            "outscale_security_group.hackathon_mongodb",
            "outscale_security_group.hackathon_postgre"
          ]
        }
      ]
    },
    {
      "mode": "managed",
      "type": "outscale_vm",
      "name": "hackathon_ms1",
      "provider": "provider[\"registry.terraform.io/outscale-dev/outscale\"]",
      "instances": [
        {
          "schema_version": 0,
          "attributes": {
            "admin_password": "",
            "architecture": "x86_64",
            "block_device_mappings": [
              {
                "bsu": [
                  {
                    "delete_on_vm_deletion": true,
                    "iops": 150,
                    "snapshot_id": "",
                    "volume_size": 115,
                    "volume_type": "io1"
                  }
                ],
                "device_name": "/dev/sdb",
                "no_device": "",
                "virtual_device_name": ""
              }
            ],
            "block_device_mappings_created": [
              {
                "bsu": {
                  "delete_on_vm_deletion": "true",
                  "link_date": "2022-10-08T07:15:58.245Z",
                  "state": "attached",
                  "volume_id": "vol-ddb28311"
                },
                "device_name": "/dev/sda1"
              },
              {
                "bsu": {
                  "delete_on_vm_deletion": "true",
                  "link_date": "2022-10-08T07:15:58.245Z",
                  "state": "attached",
                  "volume_id": "vol-877e4181"
                },
                "device_name": "/dev/sdb"
              }
            ],
            "bsu_optimized": false,
            "client_token": "",
            "deletion_protection": false,
            "get_admin_password": null,
            "hypervisor": "xen",
            "id": "i-207959a4",
            "image_id": "ami-bb490c7e",
            "is_source_dest_checked": true,
            "keypair_name": "hackathon",
            "launch_number": 0,
            "net_id": "",
            "nics": [],
            "os_family": "",
            "performance": "highest",
            "placement_subregion_name": "eu-west-2a",
            "placement_tenancy": "default",
            "private_dns_name": "ip-10-9-13-25.eu-west-2.compute.internal",
            "private_ip": "10.9.13.25",
            "private_ips": null,
            "product_codes": [
              "0001"
            ],
            "public_dns_name": "ows-148-253-111-23.eu-west-2.compute.outscale.com",
            "public_ip": "148.253.111.23",
            "request_id": null,
            "reservation_id": "r-f2ce2ab3",
            "root_device_name": "/dev/sda1",
            "root_device_type": "ebs",
            "security_group_ids": [
              "sg-d78326e6",
              "sg-c68a792d"
            ],
            "security_group_names": null,
            "security_groups": [
              {
                "security_group_id": "sg-c68a792d",
                "security_group_name": "hackathon-web"
              },
              {
                "security_group_id": "sg-d78326e6",
                "security_group_name": "hackathon-common"
              }
            ],
            "state": "running",
            "state_reason": "",
            "subnet_id": "",
            "tags": [
              {
                "key": "name",
                "value": "hackathon_ms1"
              }
            ],
            "timeouts": null,
            "user_data": "",
            "vm_id": "i-207959a4",
            "vm_initiated_shutdown_behavior": "stop",
            "vm_type": "tinav5.c4r8p1"
          },
          "sensitive_attributes": [],
          "private": "eyJlMmJmYjczMC1lY2FhLTExZTYtOGY4OC0zNDM2M2JjN2M0YzAiOnsiY3JlYXRlIjo2MDAwMDAwMDAwMDAsImRlbGV0ZSI6NjAwMDAwMDAwMDAwLCJ1cGRhdGUiOjYwMDAwMDAwMDAwMH19",
          "dependencies": [
            "outscale_keypair.keypair01",
            "outscale_security_group.hackathon_common",
            "outscale_security_group.hackathon_web"
          ]
        }
      ]
    }
  ],
  "check_results": []
}
